{
  "name": "cherrypush",
  "lockfileVersion": 2,
  "requires": true,
  "packages": {
    "": {
      "name": "cherrypush",
      "dependencies": {
        "chart.js": "^4.0.1",
        "chartkick": "^4.2.0",
        "flowbite": "^1.5.4"
      },
      "devDependencies": {
        "@prettier/plugin-ruby": "1.6.1",
        "prettier": "2.2.0",
        "prettier-plugin-erb": "^0.4.0"
      }
    },
    "node_modules/@kurkle/color": {
      "version": "0.3.1",
      "resolved": "https://registry.npmjs.org/@kurkle/color/-/color-0.3.1.tgz",
      "integrity": "sha512-hW0GwZj06z/ZFUW2Espl7toVDjghJN+EKqyXzPSV8NV89d5BYp5rRMBJoc+aUN0x5OXDMeRQHazejr2Xmqj2tw==",
      "license": "MIT"
    },
    "node_modules/@popperjs/core": {
      "version": "2.11.6",
      "resolved": "https://registry.npmjs.org/@popperjs/core/-/core-2.11.6.tgz",
      "integrity": "sha512-50/17A98tWUfQ176raKiOGXuYpLyyVMkxxG6oylzL3BPOlA6ADGdK7EYunSa4I064xerltq9TGXs8HmOk5E+vw==",
      "license": "MIT",
      "funding": {
        "type": "opencollective",
        "url": "https://opencollective.com/popperjs"
      }
    },
    "node_modules/@prettier/plugin-ruby": {
      "version": "1.6.1",
      "resolved": "https://registry.npmjs.org/@prettier/plugin-ruby/-/plugin-ruby-1.6.1.tgz",
      "integrity": "sha512-PGDCATgVTQz0s/NB9nStiXVCIr+hG/XnKeAO/kguaHrNf8VwCpP5Ul+/KQao0z0QFBy2PDY8kWptfDQCa7WMXg==",
      "dev": true,
      "license": "MIT",
      "dependencies": {
        "prettier": ">=1.10"
      }
    },
    "node_modules/@prettier/plugin-ruby/node_modules/prettier": {
      "version": "2.8.1",
      "resolved": "https://registry.npmjs.org/prettier/-/prettier-2.8.1.tgz",
      "integrity": "sha512-lqGoSJBQNJidqCHE80vqZJHWHRFoNYsSpP9AjFhlhi9ODCJA541svILes/+/1GM3VaL/abZi7cpFzOpdR9UPKg==",
      "dev": true,
      "license": "MIT",
      "bin": {
        "prettier": "bin-prettier.js"
      },
      "engines": {
        "node": ">=10.13.0"
      },
      "funding": {
        "url": "https://github.com/prettier/prettier?sponsor=1"
      }
    },
    "node_modules/chart.js": {
      "version": "4.1.1",
      "resolved": "https://registry.npmjs.org/chart.js/-/chart.js-4.1.1.tgz",
      "integrity": "sha512-P0pCosNXp+LR8zO/QTkZKT6Hb7p0DPFtypEeVOf+6x06hX13NIb75R0DXUA4Ksx/+48chDQKtCCmRCviQRTqsA==",
      "license": "MIT",
      "dependencies": {
        "@kurkle/color": "^0.3.0"
      },
      "engines": {
        "pnpm": "^7.0.0"
      }
    },
    "node_modules/chartjs-adapter-date-fns": {
      "version": "3.0.0",
      "resolved": "https://registry.npmjs.org/chartjs-adapter-date-fns/-/chartjs-adapter-date-fns-3.0.0.tgz",
      "integrity": "sha512-Rs3iEB3Q5pJ973J93OBTpnP7qoGwvq3nUnoMdtxO+9aoJof7UFcRbWcIDteXuYd1fgAvct/32T9qaLyLuZVwCg==",
      "license": "MIT",
      "optional": true,
      "peerDependencies": {
        "chart.js": ">=2.8.0",
        "date-fns": ">=2.0.0"
      }
    },
    "node_modules/chartkick": {
      "version": "4.2.0",
      "resolved": "https://registry.npmjs.org/chartkick/-/chartkick-4.2.0.tgz",
      "integrity": "sha512-7yYZyxeFhOh/LA7gc1VwDFgc6t4ZM9RrbBjgb4dJoFukk2+94QkK0yulYI2OUH1cjcfrf1qmj04FkjZx7kZDeg==",
      "license": "MIT",
      "optionalDependencies": {
        "chart.js": ">=3.0.2",
        "chartjs-adapter-date-fns": ">=2.0.0",
        "date-fns": ">=2.0.0"
      }
    },
    "node_modules/date-fns": {
      "version": "2.29.3",
      "resolved": "https://registry.npmjs.org/date-fns/-/date-fns-2.29.3.tgz",
      "integrity": "sha512-dDCnyH2WnnKusqvZZ6+jA1O51Ibt8ZMRNkDZdyAyK4YfbDwa/cEmuztzG5pk6hqlp9aSBPYcjOlktquahGwGeA==",
      "license": "MIT",
      "optional": true,
      "engines": {
        "node": ">=0.11"
      },
      "funding": {
        "type": "opencollective",
        "url": "https://opencollective.com/date-fns"
      }
    },
    "node_modules/flowbite": {
      "version": "1.5.5",
      "resolved": "https://registry.npmjs.org/flowbite/-/flowbite-1.5.5.tgz",
      "integrity": "sha512-LWJteH6zO+6BrnerH6GEU9OFpjWmkCWi9BD3XnJdBOVevNnt7u8gW+S+4keqD5OGpHu+QU860pLzNKeNlhlf6g==",
      "license": "MIT",
      "dependencies": {
        "@popperjs/core": "^2.9.3",
        "mini-svg-data-uri": "^1.4.3"
      }
    },
    "node_modules/mini-svg-data-uri": {
      "version": "1.4.4",
      "resolved": "https://registry.npmjs.org/mini-svg-data-uri/-/mini-svg-data-uri-1.4.4.tgz",
      "integrity": "sha512-r9deDe9p5FJUPZAk3A59wGH7Ii9YrjjWw0jmw/liSbHl2CHiyXj6FcDXDu2K3TjVAXqiJdaw3xxwlZZr9E6nHg==",
      "license": "MIT",
      "bin": {
        "mini-svg-data-uri": "cli.js"
      }
    },
    "node_modules/prettier": {
      "version": "2.2.0",
      "resolved": "https://registry.npmjs.org/prettier/-/prettier-2.2.0.tgz",
      "integrity": "sha512-yYerpkvseM4iKD/BXLYUkQV5aKt4tQPqaGW6EsZjzyu0r7sVZZNPJW4Y8MyKmicp6t42XUPcBVA+H6sB3gqndw==",
      "dev": true,
      "license": "MIT",
      "bin": {
        "prettier": "bin-prettier.js"
      },
      "engines": {
        "node": ">=10.13.0"
      }
    },
    "node_modules/prettier-html-templates": {
      "version": "0.1.0",
      "resolved": "https://registry.npmjs.org/prettier-html-templates/-/prettier-html-templates-0.1.0.tgz",
      "integrity": "sha512-KdLveYzO2kJLiwUAebd5UFeKP8h3OqFhOiLbkgeIuS1WNoCRTyxW4KuyGfbh3F+Rp/2A6mipRxCq2zPi+//pmg==",
      "dev": true,
      "license": "MIT",
      "peerDependencies": {
        "prettier": "^2.0.0"
      }
    },
    "node_modules/prettier-plugin-erb": {
      "version": "0.4.0",
      "resolved": "https://registry.npmjs.org/prettier-plugin-erb/-/prettier-plugin-erb-0.4.0.tgz",
      "integrity": "sha512-5RAdvT5BBf29hfC8GmqiMRFiD5g4BZGZDERZHvM5ouOor2TVT0jM0ntmCzFpS2Q32OkUAGFYsRxXDoYscvToXA==",
      "dev": true,
      "license": "MIT",
      "dependencies": {
        "prettier-html-templates": "^0.1.0"
      },
      "peerDependencies": {
        "@prettier/plugin-ruby": "^1.0.0",
        "prettier": ">=2.0.0 <2.3"
      }
    }
  },
  "dependencies": {
    "@kurkle/color": {
      "version": "0.3.1",
      "resolved": "https://registry.npmjs.org/@kurkle/color/-/color-0.3.1.tgz",
      "integrity": "sha512-hW0GwZj06z/ZFUW2Espl7toVDjghJN+EKqyXzPSV8NV89d5BYp5rRMBJoc+aUN0x5OXDMeRQHazejr2Xmqj2tw=="
    },
    "@popperjs/core": {
      "version": "2.11.6",
      "resolved": "https://registry.npmjs.org/@popperjs/core/-/core-2.11.6.tgz",
      "integrity": "sha512-50/17A98tWUfQ176raKiOGXuYpLyyVMkxxG6oylzL3BPOlA6ADGdK7EYunSa4I064xerltq9TGXs8HmOk5E+vw=="
    },
    "@prettier/plugin-ruby": {
      "version": "1.6.1",
      "resolved": "https://registry.npmjs.org/@prettier/plugin-ruby/-/plugin-ruby-1.6.1.tgz",
      "integrity": "sha512-PGDCATgVTQz0s/NB9nStiXVCIr+hG/XnKeAO/kguaHrNf8VwCpP5Ul+/KQao0z0QFBy2PDY8kWptfDQCa7WMXg==",
      "dev": true,
      "requires": {
        "prettier": ">=1.10"
      },
      "dependencies": {
        "prettier": {
          "version": "2.8.1",
          "resolved": "https://registry.npmjs.org/prettier/-/prettier-2.8.1.tgz",
          "integrity": "sha512-lqGoSJBQNJidqCHE80vqZJHWHRFoNYsSpP9AjFhlhi9ODCJA541svILes/+/1GM3VaL/abZi7cpFzOpdR9UPKg==",
          "dev": true
        }
      }
    },
    "chart.js": {
      "version": "4.1.1",
      "resolved": "https://registry.npmjs.org/chart.js/-/chart.js-4.1.1.tgz",
      "integrity": "sha512-P0pCosNXp+LR8zO/QTkZKT6Hb7p0DPFtypEeVOf+6x06hX13NIb75R0DXUA4Ksx/+48chDQKtCCmRCviQRTqsA==",
      "requires": {
        "@kurkle/color": "^0.3.0"
      }
    },
    "chartjs-adapter-date-fns": {
      "version": "3.0.0",
      "resolved": "https://registry.npmjs.org/chartjs-adapter-date-fns/-/chartjs-adapter-date-fns-3.0.0.tgz",
      "integrity": "sha512-Rs3iEB3Q5pJ973J93OBTpnP7qoGwvq3nUnoMdtxO+9aoJof7UFcRbWcIDteXuYd1fgAvct/32T9qaLyLuZVwCg==",
      "optional": true,
      "requires": {}
    },
    "chartkick": {
      "version": "4.2.0",
      "resolved": "https://registry.npmjs.org/chartkick/-/chartkick-4.2.0.tgz",
      "integrity": "sha512-7yYZyxeFhOh/LA7gc1VwDFgc6t4ZM9RrbBjgb4dJoFukk2+94QkK0yulYI2OUH1cjcfrf1qmj04FkjZx7kZDeg==",
      "requires": {
        "chart.js": ">=3.0.2",
        "chartjs-adapter-date-fns": ">=2.0.0",
        "date-fns": ">=2.0.0"
      }
    },
    "date-fns": {
      "version": "2.29.3",
      "resolved": "https://registry.npmjs.org/date-fns/-/date-fns-2.29.3.tgz",
      "integrity": "sha512-dDCnyH2WnnKusqvZZ6+jA1O51Ibt8ZMRNkDZdyAyK4YfbDwa/cEmuztzG5pk6hqlp9aSBPYcjOlktquahGwGeA==",
      "optional": true
    },
    "flowbite": {
      "version": "1.5.5",
      "resolved": "https://registry.npmjs.org/flowbite/-/flowbite-1.5.5.tgz",
      "integrity": "sha512-LWJteH6zO+6BrnerH6GEU9OFpjWmkCWi9BD3XnJdBOVevNnt7u8gW+S+4keqD5OGpHu+QU860pLzNKeNlhlf6g==",
      "requires": {
        "@popperjs/core": "^2.9.3",
        "mini-svg-data-uri": "^1.4.3"
      }
    },
    "mini-svg-data-uri": {
      "version": "1.4.4",
      "resolved": "https://registry.npmjs.org/mini-svg-data-uri/-/mini-svg-data-uri-1.4.4.tgz",
      "integrity": "sha512-r9deDe9p5FJUPZAk3A59wGH7Ii9YrjjWw0jmw/liSbHl2CHiyXj6FcDXDu2K3TjVAXqiJdaw3xxwlZZr9E6nHg=="
    },
    "prettier": {
      "version": "2.2.0",
      "resolved": "https://registry.npmjs.org/prettier/-/prettier-2.2.0.tgz",
      "integrity": "sha512-yYerpkvseM4iKD/BXLYUkQV5aKt4tQPqaGW6EsZjzyu0r7sVZZNPJW4Y8MyKmicp6t42XUPcBVA+H6sB3gqndw==",
      "dev": true
    },
    "prettier-html-templates": {
      "version": "0.1.0",
      "resolved": "https://registry.npmjs.org/prettier-html-templates/-/prettier-html-templates-0.1.0.tgz",
      "integrity": "sha512-KdLveYzO2kJLiwUAebd5UFeKP8h3OqFhOiLbkgeIuS1WNoCRTyxW4KuyGfbh3F+Rp/2A6mipRxCq2zPi+//pmg==",
      "dev": true,
      "requires": {}
    },
    "prettier-plugin-erb": {
      "version": "0.4.0",
      "resolved": "https://registry.npmjs.org/prettier-plugin-erb/-/prettier-plugin-erb-0.4.0.tgz",
      "integrity": "sha512-5RAdvT5BBf29hfC8GmqiMRFiD5g4BZGZDERZHvM5ouOor2TVT0jM0ntmCzFpS2Q32OkUAGFYsRxXDoYscvToXA==",
      "dev": true,
      "requires": {
        "prettier-html-templates": "^0.1.0"
      }
    }
  }
}
