# THIS IS AN AUTOGENERATED FILE. DO NOT EDIT THIS FILE DIRECTLY.
# yarn lockfile v1


"@kurkle/color@^0.3.0":
  version "0.3.1"
  resolved "https://registry.yarnpkg.com/@kurkle/color/-/color-0.3.1.tgz#ef72bc8022ccf77cdd2715097f062ee591ec145c"
  integrity sha512-hW0GwZj06z/ZFUW2Espl7toVDjghJN+EKqyXzPSV8NV89d5BYp5rRMBJoc+aUN0x5OXDMeRQHazejr2Xmqj2tw==

"@popperjs/core@^2.9.3":
  version "2.11.6"
  resolved "https://registry.yarnpkg.com/@popperjs/core/-/core-2.11.6.tgz#cee20bd55e68a1720bdab363ecf0c821ded4cd45"
  integrity sha512-50/17A98tWUfQ176raKiOGXuYpLyyVMkxxG6oylzL3BPOlA6ADGdK7EYunSa4I064xerltq9TGXs8HmOk5E+vw==

"@prettier/plugin-ruby@1.6.1":
  version "1.6.1"
  resolved "https://registry.yarnpkg.com/@prettier/plugin-ruby/-/plugin-ruby-1.6.1.tgz#14489985513a72e052b57c1cf9beae288880faa8"
  integrity sha512-PGDCATgVTQz0s/NB9nStiXVCIr+hG/XnKeAO/kguaHrNf8VwCpP5Ul+/KQao0z0QFBy2PDY8kWptfDQCa7WMXg==
  dependencies:
    prettier ">=1.10"

chart.js@>=3.0.2, chart.js@^4.0.1:
  version "4.1.1"
  resolved "https://registry.yarnpkg.com/chart.js/-/chart.js-4.1.1.tgz#9bd96ddaa444205ec55dd103f713f65530e9a2df"
  integrity sha512-P0pCosNXp+LR8zO/QTkZKT6Hb7p0DPFtypEeVOf+6x06hX13NIb75R0DXUA4Ksx/+48chDQKtCCmRCviQRTqsA==
  dependencies:
    "@kurkle/color" "^0.3.0"

chartjs-adapter-date-fns@>=2.0.0:
  version "3.0.0"
  resolved "https://registry.yarnpkg.com/chartjs-adapter-date-fns/-/chartjs-adapter-date-fns-3.0.0.tgz#c25f63c7f317c1f96f9a7c44bd45eeedb8a478e5"
  integrity sha512-Rs3iEB3Q5pJ973J93OBTpnP7qoGwvq3nUnoMdtxO+9aoJof7UFcRbWcIDteXuYd1fgAvct/32T9qaLyLuZVwCg==

chartkick@^4.2.0:
  version "4.2.0"
  resolved "https://registry.yarnpkg.com/chartkick/-/chartkick-4.2.0.tgz#106fc5ff7eef5343a9e6977f259a8a8a1ea57bf9"
  integrity sha512-7yYZyxeFhOh/LA7gc1VwDFgc6t4ZM9RrbBjgb4dJoFukk2+94QkK0yulYI2OUH1cjcfrf1qmj04FkjZx7kZDeg==
  optionalDependencies:
    chart.js ">=3.0.2"
    chartjs-adapter-date-fns ">=2.0.0"
    date-fns ">=2.0.0"

css-loader@^6.7.3:
  version "6.7.3"
  resolved "https://registry.yarnpkg.com/css-loader/-/css-loader-6.7.3.tgz#1e8799f3ccc5874fdd55461af51137fcc5befbcd"
  integrity sha512-qhOH1KlBMnZP8FzRO6YCH9UHXQhVMcEGLyNdb7Hv2cpcmJbW0YrddO+tG1ab5nT41KpHIYGsbeHqxB9xPu1pKQ==
  dependencies:
    icss-utils "^5.1.0"
    postcss "^8.4.19"
    postcss-modules-extract-imports "^3.0.0"
    postcss-modules-local-by-default "^4.0.0"
    postcss-modules-scope "^3.0.0"
    postcss-modules-values "^4.0.0"
    postcss-value-parser "^4.2.0"
    semver "^7.3.8"

cssesc@^3.0.0:
  version "3.0.0"
  resolved "https://registry.yarnpkg.com/cssesc/-/cssesc-3.0.0.tgz#37741919903b868565e1c09ea747445cd18983ee"
  integrity sha512-/Tb/JcjK111nNScGob5MNtsntNM1aCNUDipB/TkwZFhyDrrE47SOx/18wF2bbjgc3ZzCSKW1T5nt5EbFoAz/Vg==

date-fns@>=2.0.0:
  version "2.29.3"
  resolved "https://registry.yarnpkg.com/date-fns/-/date-fns-2.29.3.tgz#27402d2fc67eb442b511b70bbdf98e6411cd68a8"
  integrity sha512-dDCnyH2WnnKusqvZZ6+jA1O51Ibt8ZMRNkDZdyAyK4YfbDwa/cEmuztzG5pk6hqlp9aSBPYcjOlktquahGwGeA==

flowbite@^1.5.4:
  version "1.5.5"
  resolved "https://registry.yarnpkg.com/flowbite/-/flowbite-1.5.5.tgz#0adb062e1c5b31dfd1e71bd1acfcda6cbc69e728"
  integrity sha512-LWJteH6zO+6BrnerH6GEU9OFpjWmkCWi9BD3XnJdBOVevNnt7u8gW+S+4keqD5OGpHu+QU860pLzNKeNlhlf6g==
  dependencies:
    "@popperjs/core" "^2.9.3"
    mini-svg-data-uri "^1.4.3"

icss-utils@^5.0.0, icss-utils@^5.1.0:
  version "5.1.0"
  resolved "https://registry.yarnpkg.com/icss-utils/-/icss-utils-5.1.0.tgz#c6be6858abd013d768e98366ae47e25d5887b1ae"
  integrity sha512-soFhflCVWLfRNOPU3iv5Z9VUdT44xFRbzjLsEzSr5AQmgqPMTHdU3PMT1Cf1ssx8fLNJDA1juftYl+PUcv3MqA==

lru-cache@^6.0.0:
  version "6.0.0"
  resolved "https://registry.yarnpkg.com/lru-cache/-/lru-cache-6.0.0.tgz#6d6fe6570ebd96aaf90fcad1dafa3b2566db3a94"
  integrity sha512-Jo6dJ04CmSjuznwJSS3pUeWmd/H0ffTlkXXgwZi+eq1UCmqQwCh+eLsYOYCwY991i2Fah4h1BEMCx4qThGbsiA==
  dependencies:
    yallist "^4.0.0"

mini-svg-data-uri@^1.4.3:
  version "1.4.4"
  resolved "https://registry.yarnpkg.com/mini-svg-data-uri/-/mini-svg-data-uri-1.4.4.tgz#8ab0aabcdf8c29ad5693ca595af19dd2ead09939"
  integrity sha512-r9deDe9p5FJUPZAk3A59wGH7Ii9YrjjWw0jmw/liSbHl2CHiyXj6FcDXDu2K3TjVAXqiJdaw3xxwlZZr9E6nHg==

nanoid@^3.3.4:
  version "3.3.4"
  resolved "https://registry.yarnpkg.com/nanoid/-/nanoid-3.3.4.tgz#730b67e3cd09e2deacf03c027c81c9d9dbc5e8ab"
  integrity sha512-MqBkQh/OHTS2egovRtLk45wEyNXwF+cokD+1YPf9u5VfJiRdAiRwB2froX5Co9Rh20xs4siNPm8naNotSD6RBw==

picocolors@^1.0.0:
  version "1.0.0"
  resolved "https://registry.yarnpkg.com/picocolors/-/picocolors-1.0.0.tgz#cb5bdc74ff3f51892236eaf79d68bc44564ab81c"
  integrity sha512-1fygroTLlHu66zi26VoTDv8yRgm0Fccecssto+MhsZ0D/DGW2sm8E8AjW7NU5VVTRt5GxbeZ5qBuJr+HyLYkjQ==

postcss-modules-extract-imports@^3.0.0:
  version "3.0.0"
  resolved "https://registry.yarnpkg.com/postcss-modules-extract-imports/-/postcss-modules-extract-imports-3.0.0.tgz#cda1f047c0ae80c97dbe28c3e76a43b88025741d"
  integrity sha512-bdHleFnP3kZ4NYDhuGlVK+CMrQ/pqUm8bx/oGL93K6gVwiclvX5x0n76fYMKuIGKzlABOy13zsvqjb0f92TEXw==

postcss-modules-local-by-default@^4.0.0:
  version "4.0.0"
  resolved "https://registry.yarnpkg.com/postcss-modules-local-by-default/-/postcss-modules-local-by-default-4.0.0.tgz#ebbb54fae1598eecfdf691a02b3ff3b390a5a51c"
  integrity sha512-sT7ihtmGSF9yhm6ggikHdV0hlziDTX7oFoXtuVWeDd3hHObNkcHRo9V3yg7vCAY7cONyxJC/XXCmmiHHcvX7bQ==
  dependencies:
    icss-utils "^5.0.0"
    postcss-selector-parser "^6.0.2"
    postcss-value-parser "^4.1.0"

postcss-modules-scope@^3.0.0:
  version "3.0.0"
  resolved "https://registry.yarnpkg.com/postcss-modules-scope/-/postcss-modules-scope-3.0.0.tgz#9ef3151456d3bbfa120ca44898dfca6f2fa01f06"
  integrity sha512-hncihwFA2yPath8oZ15PZqvWGkWf+XUfQgUGamS4LqoP1anQLOsOJw0vr7J7IwLpoY9fatA2qiGUGmuZL0Iqlg==
  dependencies:
    postcss-selector-parser "^6.0.4"

postcss-modules-values@^4.0.0:
  version "4.0.0"
  resolved "https://registry.yarnpkg.com/postcss-modules-values/-/postcss-modules-values-4.0.0.tgz#d7c5e7e68c3bb3c9b27cbf48ca0bb3ffb4602c9c"
  integrity sha512-RDxHkAiEGI78gS2ofyvCsu7iycRv7oqw5xMWn9iMoR0N/7mf9D50ecQqUo5BZ9Zh2vH4bCUR/ktCqbB9m8vJjQ==
  dependencies:
    icss-utils "^5.0.0"

postcss-selector-parser@^6.0.2, postcss-selector-parser@^6.0.4:
  version "6.0.11"
  resolved "https://registry.yarnpkg.com/postcss-selector-parser/-/postcss-selector-parser-6.0.11.tgz#2e41dc39b7ad74046e1615185185cd0b17d0c8dc"
  integrity sha512-zbARubNdogI9j7WY4nQJBiNqQf3sLS3wCP4WfOidu+p28LofJqDH1tcXypGrcmMHhDk2t9wGhCsYe/+szLTy1g==
  dependencies:
    cssesc "^3.0.0"
    util-deprecate "^1.0.2"

postcss-value-parser@^4.1.0, postcss-value-parser@^4.2.0:
  version "4.2.0"
  resolved "https://registry.yarnpkg.com/postcss-value-parser/-/postcss-value-parser-4.2.0.tgz#723c09920836ba6d3e5af019f92bc0971c02e514"
  integrity sha512-1NNCs6uurfkVbeXG4S8JFT9t19m45ICnif8zWLd5oPSZ50QnwMfK+H3jv408d4jw/7Bttv5axS5IiHoLaVNHeQ==

postcss@^8.4.19:
  version "8.4.20"
  resolved "https://registry.yarnpkg.com/postcss/-/postcss-8.4.20.tgz#64c52f509644cecad8567e949f4081d98349dc56"
  integrity sha512-6Q04AXR1212bXr5fh03u8aAwbLxAQNGQ/Q1LNa0VfOI06ZAlhPHtQvE4OIdpj4kLThXilalPnmDSOD65DcHt+g==
  dependencies:
    nanoid "^3.3.4"
    picocolors "^1.0.0"
    source-map-js "^1.0.2"

prettier-html-templates@^0.1.0:
  version "0.1.0"
  resolved "https://registry.yarnpkg.com/prettier-html-templates/-/prettier-html-templates-0.1.0.tgz#dfa12bd71c032e3b796e8c645210c5614403575d"
  integrity sha512-KdLveYzO2kJLiwUAebd5UFeKP8h3OqFhOiLbkgeIuS1WNoCRTyxW4KuyGfbh3F+Rp/2A6mipRxCq2zPi+//pmg==

prettier-plugin-erb@^0.4.0:
  version "0.4.0"
  resolved "https://registry.yarnpkg.com/prettier-plugin-erb/-/prettier-plugin-erb-0.4.0.tgz#5a2a86e02c6360481187aaadd165bc598eda4412"
  integrity sha512-5RAdvT5BBf29hfC8GmqiMRFiD5g4BZGZDERZHvM5ouOor2TVT0jM0ntmCzFpS2Q32OkUAGFYsRxXDoYscvToXA==
  dependencies:
    prettier-html-templates "^0.1.0"

prettier@2.2.0:
  version "2.2.0"
  resolved "https://registry.yarnpkg.com/prettier/-/prettier-2.2.0.tgz#8a03c7777883b29b37fb2c4348c66a78e980418b"
  integrity sha512-yYerpkvseM4iKD/BXLYUkQV5aKt4tQPqaGW6EsZjzyu0r7sVZZNPJW4Y8MyKmicp6t42XUPcBVA+H6sB3gqndw==

prettier@>=1.10:
  version "2.8.1"
  resolved "https://registry.yarnpkg.com/prettier/-/prettier-2.8.1.tgz#4e1fd11c34e2421bc1da9aea9bd8127cd0a35efc"
  integrity sha512-lqGoSJBQNJidqCHE80vqZJHWHRFoNYsSpP9AjFhlhi9ODCJA541svILes/+/1GM3VaL/abZi7cpFzOpdR9UPKg==

semver@^7.3.8:
  version "7.3.8"
  resolved "https://registry.yarnpkg.com/semver/-/semver-7.3.8.tgz#07a78feafb3f7b32347d725e33de7e2a2df67798"
  integrity sha512-NB1ctGL5rlHrPJtFDVIVzTyQylMLu9N9VICA6HSFJo8MCGVTMW6gfpicwKmmK/dAjTOrqu5l63JJOpDSrAis3A==
  dependencies:
    lru-cache "^6.0.0"

source-map-js@^1.0.2:
  version "1.0.2"
  resolved "https://registry.yarnpkg.com/source-map-js/-/source-map-js-1.0.2.tgz#adbc361d9c62df380125e7f161f71c826f1e490c"
  integrity sha512-R0XvVJ9WusLiqTCEiGCmICCMplcCkIwwR11mOSD9CR5u+IXYdiseeEuXCVAjS54zqwkLcPNnmU4OeJ6tUrWhDw==

util-deprecate@^1.0.2:
  version "1.0.2"
  resolved "https://registry.yarnpkg.com/util-deprecate/-/util-deprecate-1.0.2.tgz#450d4dc9fa70de732762fbd2d4a28981419a0ccf"
  integrity sha512-EPD5q1uXyFxJpCrLnCc1nHnq3gOa6DZBocAIiI2TaSCA7VCJ1UJDMagCzIkXNsUYfD1daK//LTEQ8xiIbrHtcw==

yallist@^4.0.0:
  version "4.0.0"
  resolved "https://registry.yarnpkg.com/yallist/-/yallist-4.0.0.tgz#9bb92790d9c0effec63be73519e11a35019a3a72"
  integrity sha512-3wdGidZyq5PB084XLES5TpOSRA3wjXAlIWMhum2kRcv/41Sn2emQ0dycQW4uZXLejwKvg6EsvbdlVL+FYEct7A==
