# THIS IS AN AUTOGENERATED FILE. DO NOT EDIT THIS FILE DIRECTLY.
# yarn lockfile v1


"@kurkle/color@^0.3.0":
  version "0.3.1"
  resolved "https://registry.yarnpkg.com/@kurkle/color/-/color-0.3.1.tgz#ef72bc8022ccf77cdd2715097f062ee591ec145c"
  integrity sha512-hW0GwZj06z/ZFUW2Espl7toVDjghJN+EKqyXzPSV8NV89d5BYp5rRMBJoc+aUN0x5OXDMeRQHazejr2Xmqj2tw==

"@popperjs/core@^2.9.3":
  version "2.11.6"
  resolved "https://registry.yarnpkg.com/@popperjs/core/-/core-2.11.6.tgz#cee20bd55e68a1720bdab363ecf0c821ded4cd45"
  integrity sha512-50/17A98tWUfQ176raKiOGXuYpLyyVMkxxG6oylzL3BPOlA6ADGdK7EYunSa4I064xerltq9TGXs8HmOk5E+vw==

"@prettier/plugin-ruby@1.6.1":
  version "1.6.1"
  resolved "https://registry.yarnpkg.com/@prettier/plugin-ruby/-/plugin-ruby-1.6.1.tgz#14489985513a72e052b57c1cf9beae288880faa8"
  integrity sha512-PGDCATgVTQz0s/NB9nStiXVCIr+hG/XnKeAO/kguaHrNf8VwCpP5Ul+/KQao0z0QFBy2PDY8kWptfDQCa7WMXg==
  dependencies:
    prettier ">=1.10"

chart.js@>=3.0.2, chart.js@^4.0.1:
  version "4.1.1"
  resolved "https://registry.yarnpkg.com/chart.js/-/chart.js-4.1.1.tgz#9bd96ddaa444205ec55dd103f713f65530e9a2df"
  integrity sha512-P0pCosNXp+LR8zO/QTkZKT6Hb7p0DPFtypEeVOf+6x06hX13NIb75R0DXUA4Ksx/+48chDQKtCCmRCviQRTqsA==
  dependencies:
    "@kurkle/color" "^0.3.0"

chartjs-adapter-date-fns@>=2.0.0:
  version "3.0.0"
  resolved "https://registry.yarnpkg.com/chartjs-adapter-date-fns/-/chartjs-adapter-date-fns-3.0.0.tgz#c25f63c7f317c1f96f9a7c44bd45eeedb8a478e5"
  integrity sha512-Rs3iEB3Q5pJ973J93OBTpnP7qoGwvq3nUnoMdtxO+9aoJof7UFcRbWcIDteXuYd1fgAvct/32T9qaLyLuZVwCg==

chartkick@^4.2.0:
  version "4.2.0"
  resolved "https://registry.yarnpkg.com/chartkick/-/chartkick-4.2.0.tgz#106fc5ff7eef5343a9e6977f259a8a8a1ea57bf9"
  integrity sha512-7yYZyxeFhOh/LA7gc1VwDFgc6t4ZM9RrbBjgb4dJoFukk2+94QkK0yulYI2OUH1cjcfrf1qmj04FkjZx7kZDeg==
  optionalDependencies:
    chart.js ">=3.0.2"
    chartjs-adapter-date-fns ">=2.0.0"
    date-fns ">=2.0.0"

date-fns@>=2.0.0:
  version "2.29.3"
  resolved "https://registry.yarnpkg.com/date-fns/-/date-fns-2.29.3.tgz#27402d2fc67eb442b511b70bbdf98e6411cd68a8"
  integrity sha512-dDCnyH2WnnKusqvZZ6+jA1O51Ibt8ZMRNkDZdyAyK4YfbDwa/cEmuztzG5pk6hqlp9aSBPYcjOlktquahGwGeA==

flowbite@^1.5.4:
  version "1.5.5"
  resolved "https://registry.yarnpkg.com/flowbite/-/flowbite-1.5.5.tgz#0adb062e1c5b31dfd1e71bd1acfcda6cbc69e728"
  integrity sha512-LWJteH6zO+6BrnerH6GEU9OFpjWmkCWi9BD3XnJdBOVevNnt7u8gW+S+4keqD5OGpHu+QU860pLzNKeNlhlf6g==
  dependencies:
    "@popperjs/core" "^2.9.3"
    mini-svg-data-uri "^1.4.3"

mini-svg-data-uri@^1.4.3:
  version "1.4.4"
  resolved "https://registry.yarnpkg.com/mini-svg-data-uri/-/mini-svg-data-uri-1.4.4.tgz#8ab0aabcdf8c29ad5693ca595af19dd2ead09939"
  integrity sha512-r9deDe9p5FJUPZAk3A59wGH7Ii9YrjjWw0jmw/liSbHl2CHiyXj6FcDXDu2K3TjVAXqiJdaw3xxwlZZr9E6nHg==

prettier-html-templates@^0.1.0:
  version "0.1.0"
  resolved "https://registry.yarnpkg.com/prettier-html-templates/-/prettier-html-templates-0.1.0.tgz#dfa12bd71c032e3b796e8c645210c5614403575d"
  integrity sha512-KdLveYzO2kJLiwUAebd5UFeKP8h3OqFhOiLbkgeIuS1WNoCRTyxW4KuyGfbh3F+Rp/2A6mipRxCq2zPi+//pmg==

prettier-plugin-erb@^0.4.0:
  version "0.4.0"
  resolved "https://registry.yarnpkg.com/prettier-plugin-erb/-/prettier-plugin-erb-0.4.0.tgz#5a2a86e02c6360481187aaadd165bc598eda4412"
  integrity sha512-5RAdvT5BBf29hfC8GmqiMRFiD5g4BZGZDERZHvM5ouOor2TVT0jM0ntmCzFpS2Q32OkUAGFYsRxXDoYscvToXA==
  dependencies:
    prettier-html-templates "^0.1.0"

prettier@2.2.0:
  version "2.2.0"
  resolved "https://registry.yarnpkg.com/prettier/-/prettier-2.2.0.tgz#8a03c7777883b29b37fb2c4348c66a78e980418b"
  integrity sha512-yYerpkvseM4iKD/BXLYUkQV5aKt4tQPqaGW6EsZjzyu0r7sVZZNPJW4Y8MyKmicp6t42XUPcBVA+H6sB3gqndw==

prettier@>=1.10:
  version "2.8.1"
  resolved "https://registry.yarnpkg.com/prettier/-/prettier-2.8.1.tgz#4e1fd11c34e2421bc1da9aea9bd8127cd0a35efc"
  integrity sha512-lqGoSJBQNJidqCHE80vqZJHWHRFoNYsSpP9AjFhlhi9ODCJA541svILes/+/1GM3VaL/abZi7cpFzOpdR9UPKg==
